
Microsoft Visual Studio Solution File, Format Version 12.00
# Visual Studio Version 17
VisualStudioVersion = 17.5.002.0
MinimumVisualStudioVersion = 10.0.40219.1
Project("{FAE04EC0-301F-11D3-BF4B-00C04F79EFBC}") = "webAPI", "webAPI\webAPI.csproj", "{BEB114C4-84D9-4F3C-81D9-F0030731A6DF}"
EndProject
Global
	GlobalSection(SolutionConfigurationPlatforms) = preSolution
		Debug|Any CPU = Debug|Any CPU
		Release|Any CPU = Release|Any CPU
	EndGlobalSection
	GlobalSection(ProjectConfigurationPlatforms) = postSolution
		{BEB114C4-84D9-4F3C-81D9-F0030731A6DF}.Debug|Any CPU.ActiveCfg = Debug|Any CPU
		{BEB114C4-84D9-4F3C-81D9-F0030731A6DF}.Debug|Any CPU.Build.0 = Debug|Any CPU
		{BEB114C4-84D9-4F3C-81D9-F0030731A6DF}.Release|Any CPU.ActiveCfg = Release|Any CPU
		{BEB114C4-84D9-4F3C-81D9-F0030731A6DF}.Release|Any CPU.Build.0 = Release|Any CPU
	EndGlobalSection
	GlobalSection(SolutionProperties) = preSolution
		HideSolutionNode = FALSE
	EndGlobalSection
	GlobalSection(ExtensibilityGlobals) = postSolution
		SolutionGuid = {908589E6-2860-478C-9F0F-648716DFC2DA}
	EndGlobalSection
EndGlobal
